
Microsoft Visual Studio Solution File, Format Version 12.00
# Visual Studio 14
VisualStudioVersion = 14.0.25420.1
MinimumVisualStudioVersion = 10.0.40219.1
Project("{FAE04EC0-301F-11D3-BF4B-00C04F79EFBC}") = "Punto de venta", "Punto de venta\Punto de venta.csproj", "{4890B90E-70D3-4F4B-B5E3-45E538F22C8C}"
EndProject
Project("{54435603-DBB4-11D2-8724-00A0C9A8B90C}") = "Ventas", "Ventas\Ventas.vdproj", "{FC916188-ECB3-44D3-ABBB-8A6638146C9B}"
EndProject
Global
	GlobalSection(SolutionConfigurationPlatforms) = preSolution
		Debug|Any CPU = Debug|Any CPU
		Debug|x86 = Debug|x86
		Release|Any CPU = Release|Any CPU
		Release|x86 = Release|x86
	EndGlobalSection
	GlobalSection(ProjectConfigurationPlatforms) = postSolution
		{4890B90E-70D3-4F4B-B5E3-45E538F22C8C}.Debug|Any CPU.ActiveCfg = Debug|Any CPU
		{4890B90E-70D3-4F4B-B5E3-45E538F22C8C}.Debug|Any CPU.Build.0 = Debug|Any CPU
		{4890B90E-70D3-4F4B-B5E3-45E538F22C8C}.Debug|x86.ActiveCfg = Debug|x86
		{4890B90E-70D3-4F4B-B5E3-45E538F22C8C}.Debug|x86.Build.0 = Debug|x86
		{4890B90E-70D3-4F4B-B5E3-45E538F22C8C}.Release|Any CPU.ActiveCfg = Release|Any CPU
		{4890B90E-70D3-4F4B-B5E3-45E538F22C8C}.Release|Any CPU.Build.0 = Release|Any CPU
		{4890B90E-70D3-4F4B-B5E3-45E538F22C8C}.Release|x86.ActiveCfg = Release|x86
		{4890B90E-70D3-4F4B-B5E3-45E538F22C8C}.Release|x86.Build.0 = Release|x86
		{FC916188-ECB3-44D3-ABBB-8A6638146C9B}.Debug|Any CPU.ActiveCfg = Debug
		{FC916188-ECB3-44D3-ABBB-8A6638146C9B}.Debug|x86.ActiveCfg = Debug
		{FC916188-ECB3-44D3-ABBB-8A6638146C9B}.Release|Any CPU.ActiveCfg = Release
		{FC916188-ECB3-44D3-ABBB-8A6638146C9B}.Release|x86.ActiveCfg = Release
	EndGlobalSection
	GlobalSection(SolutionProperties) = preSolution
		HideSolutionNode = FALSE
	EndGlobalSection
EndGlobal
